
Microsoft Visual Studio Solution File, Format Version 12.00
# Visual Studio Version 17
VisualStudioVersion = 17.9.34728.123
MinimumVisualStudioVersion = 10.0.40219.1
Project("{FAE04EC0-301F-11D3-BF4B-00C04F79EFBC}") = "ReflectiveMirror", "ReflectiveMirror.csproj", "{BB3EB8D4-7295-42B9-AB80-34790901FFF9}"
EndProject
Global
	GlobalSection(SolutionConfigurationPlatforms) = preSolution
		Debug|Any CPU = Debug|Any CPU
		Release|Any CPU = Release|Any CPU
	EndGlobalSection
	GlobalSection(ProjectConfigurationPlatforms) = postSolution
		{BB3EB8D4-7295-42B9-AB80-34790901FFF9}.Debug|Any CPU.ActiveCfg = Debug|Any CPU
		{BB3EB8D4-7295-42B9-AB80-34790901FFF9}.Debug|Any CPU.Build.0 = Debug|Any CPU
		{BB3EB8D4-7295-42B9-AB80-34790901FFF9}.Release|Any CPU.ActiveCfg = Release|Any CPU
		{BB3EB8D4-7295-42B9-AB80-34790901FFF9}.Release|Any CPU.Build.0 = Release|Any CPU
	EndGlobalSection
	GlobalSection(SolutionProperties) = preSolution
		HideSolutionNode = FALSE
	EndGlobalSection
	GlobalSection(ExtensibilityGlobals) = postSolution
		SolutionGuid = {28E871E0-E9CA-4966-ACF1-4A294544E227}
	EndGlobalSection
EndGlobal
